// !$*UTF8*$!
{
	archiveVersion = 1;
	classes = {
	};
	objectVersion = 56;
	objects = {

/* Begin PBXBuildFile section */
		7731B4E22CB00A9800F3652B /* TabCategory.swift in Sources */ = {isa = PBXBuildFile; fileRef = 7731B4E12CB00A9800F3652B /* TabCategory.swift */; };
		7731B4E42CB0263600F3652B /* AccountView.swift in Sources */ = {isa = PBXBuildFile; fileRef = 7731B4E32CB0263600F3652B /* AccountView.swift */; };
		7731B4E62CB0353B00F3652B /* CellAccountView.swift in Sources */ = {isa = PBXBuildFile; fileRef = 7731B4E52CB0353B00F3652B /* CellAccountView.swift */; };
		7731B4E92CB0466200F3652B /* CreatePost.swift in Sources */ = {isa = PBXBuildFile; fileRef = 7731B4E82CB0466200F3652B /* CreatePost.swift */; };
		7732E2B42CAD592A00E8F6B6 /* PostCellHZ.swift in Sources */ = {isa = PBXBuildFile; fileRef = 7732E2B32CAD592A00E8F6B6 /* PostCellHZ.swift */; };
		7732E2B62CAF999900E8F6B6 /* UserViewModel.swift in Sources */ = {isa = PBXBuildFile; fileRef = 7732E2B52CAF999900E8F6B6 /* UserViewModel.swift */; };
		7732E2B82CAFF34B00E8F6B6 /* getAllUser.swift in Sources */ = {isa = PBXBuildFile; fileRef = 7732E2B72CAFF34B00E8F6B6 /* getAllUser.swift */; };
		775D13432CB0C1360097EF54 /* ManagePostView.swift in Sources */ = {isa = PBXBuildFile; fileRef = 775D13422CB0C1360097EF54 /* ManagePostView.swift */; };
		775D13452CB0C88E0097EF54 /* PostCellForManageView.swift in Sources */ = {isa = PBXBuildFile; fileRef = 775D13442CB0C88E0097EF54 /* PostCellForManageView.swift */; };
		775D13472CB0D44A0097EF54 /* TestViewDelete.swift in Sources */ = {isa = PBXBuildFile; fileRef = 775D13462CB0D44A0097EF54 /* TestViewDelete.swift */; };
		775D13492CB1731E0097EF54 /* Globs.swift in Sources */ = {isa = PBXBuildFile; fileRef = 775D13482CB1731E0097EF54 /* Globs.swift */; };
		7760AC762CB7F5E600413C74 /* GoogleService-Info.plist in Resources */ = {isa = PBXBuildFile; fileRef = 7760AC752CB7F5E600413C74 /* GoogleService-Info.plist */; };
		7760AC792CB7F68200413C74 /* FirebaseAuth in Frameworks */ = {isa = PBXBuildFile; productRef = 7760AC782CB7F68200413C74 /* FirebaseAuth */; };
		7760AC7B2CB7F68200413C74 /* FirebaseFirestore in Frameworks */ = {isa = PBXBuildFile; productRef = 7760AC7A2CB7F68200413C74 /* FirebaseFirestore */; };
		7760AC7D2CB7F68200413C74 /* FirebaseStorage in Frameworks */ = {isa = PBXBuildFile; productRef = 7760AC7C2CB7F68200413C74 /* FirebaseStorage */; };
		7760AC7F2CB813C000413C74 /* ImagePickerViewModel.swift in Sources */ = {isa = PBXBuildFile; fileRef = 7760AC7E2CB813C000413C74 /* ImagePickerViewModel.swift */; };
		7760AC812CB816C800413C74 /* ImagePickerView.swift in Sources */ = {isa = PBXBuildFile; fileRef = 7760AC802CB816C800413C74 /* ImagePickerView.swift */; };
		7760AC832CB8215600413C74 /* RichTextEditorView.swift in Sources */ = {isa = PBXBuildFile; fileRef = 7760AC822CB8215600413C74 /* RichTextEditorView.swift */; };
		7779A9742CA78FFE001E8A16 /* HeadlineDisplay.swift in Sources */ = {isa = PBXBuildFile; fileRef = 7779A9732CA78FFE001E8A16 /* HeadlineDisplay.swift */; };
		7779A9762CA7EF1C001E8A16 /* CommentModel.swift in Sources */ = {isa = PBXBuildFile; fileRef = 7779A9752CA7EF1C001E8A16 /* CommentModel.swift */; };
		7779A9782CA8506B001E8A16 /* CommentViewModel.swift in Sources */ = {isa = PBXBuildFile; fileRef = 7779A9772CA8506B001E8A16 /* CommentViewModel.swift */; };
		7779A97A2CA85D98001E8A16 /* UserCommentCell.swift in Sources */ = {isa = PBXBuildFile; fileRef = 7779A9792CA85D98001E8A16 /* UserCommentCell.swift */; };
		7779A97C2CA8F753001E8A16 /* CommentView.swift in Sources */ = {isa = PBXBuildFile; fileRef = 7779A97B2CA8F753001E8A16 /* CommentView.swift */; };
		7779A97E2CAA43E4001E8A16 /* testView.swift in Sources */ = {isa = PBXBuildFile; fileRef = 7779A97D2CAA43E4001E8A16 /* testView.swift */; };
		7779A9802CAAE431001E8A16 /* PostModelSD.swift in Sources */ = {isa = PBXBuildFile; fileRef = 7779A97F2CAAE431001E8A16 /* PostModelSD.swift */; };
		777C546C2CB2F18D00B2F071 /* Atributika in Frameworks */ = {isa = PBXBuildFile; productRef = 777C546B2CB2F18D00B2F071 /* Atributika */; };
		777C546E2CB2F18D00B2F071 /* AtributikaViews in Frameworks */ = {isa = PBXBuildFile; productRef = 777C546D2CB2F18D00B2F071 /* AtributikaViews */; };
		777C54712CB40B7100B2F071 /* SDWebImageSwiftUI in Frameworks */ = {isa = PBXBuildFile; productRef = 777C54702CB40B7100B2F071 /* SDWebImageSwiftUI */; };
		778009142CA1B02300C86555 /* AppComicApp.swift in Sources */ = {isa = PBXBuildFile; fileRef = 778009132CA1B02300C86555 /* AppComicApp.swift */; };
		778009182CA1B02800C86555 /* Assets.xcassets in Resources */ = {isa = PBXBuildFile; fileRef = 778009172CA1B02800C86555 /* Assets.xcassets */; };
		7780091B2CA1B02800C86555 /* Preview Assets.xcassets in Resources */ = {isa = PBXBuildFile; fileRef = 7780091A2CA1B02800C86555 /* Preview Assets.xcassets */; };
		778009252CA1B02800C86555 /* AppComicTests.swift in Sources */ = {isa = PBXBuildFile; fileRef = 778009242CA1B02800C86555 /* AppComicTests.swift */; };
		7780092F2CA1B02800C86555 /* AppComicUITests.swift in Sources */ = {isa = PBXBuildFile; fileRef = 7780092E2CA1B02800C86555 /* AppComicUITests.swift */; };
		778009312CA1B02800C86555 /* AppComicUITestsLaunchTests.swift in Sources */ = {isa = PBXBuildFile; fileRef = 778009302CA1B02800C86555 /* AppComicUITestsLaunchTests.swift */; };
		7780093F2CA1C53800C86555 /* LoginView.swift in Sources */ = {isa = PBXBuildFile; fileRef = 7780093E2CA1C53800C86555 /* LoginView.swift */; };
		778009422CA2702E00C86555 /* CustomTextField.swift in Sources */ = {isa = PBXBuildFile; fileRef = 778009412CA2702E00C86555 /* CustomTextField.swift */; };
		778009442CA2F75C00C86555 /* ButtonCustom.swift in Sources */ = {isa = PBXBuildFile; fileRef = 778009432CA2F75C00C86555 /* ButtonCustom.swift */; };
		778009482CA3162800C86555 /* UserModel.swift in Sources */ = {isa = PBXBuildFile; fileRef = 778009472CA3162800C86555 /* UserModel.swift */; };
		7780094A2CA319BE00C86555 /* LoginViewModel.swift in Sources */ = {isa = PBXBuildFile; fileRef = 778009492CA319BE00C86555 /* LoginViewModel.swift */; };
		778009502CA3A94100C86555 /* ServiceCall.swift in Sources */ = {isa = PBXBuildFile; fileRef = 7780094F2CA3A94100C86555 /* ServiceCall.swift */; };
		778009522CA3DC5A00C86555 /* SignUpView.swift in Sources */ = {isa = PBXBuildFile; fileRef = 778009512CA3DC5A00C86555 /* SignUpView.swift */; };
		778009542CA3DE5E00C86555 /* SignUpViewModel.swift in Sources */ = {isa = PBXBuildFile; fileRef = 778009532CA3DE5E00C86555 /* SignUpViewModel.swift */; };
		778009562CA3EFBC00C86555 /* PasswordStrengthUtility.swift in Sources */ = {isa = PBXBuildFile; fileRef = 778009552CA3EFBC00C86555 /* PasswordStrengthUtility.swift */; };
		778009582CA452F500C86555 /* MainView.swift in Sources */ = {isa = PBXBuildFile; fileRef = 778009572CA452F500C86555 /* MainView.swift */; };
		7780095A2CA4D42E00C86555 /* TabData.swift in Sources */ = {isa = PBXBuildFile; fileRef = 778009592CA4D42E00C86555 /* TabData.swift */; };
		7780095C2CA5099300C86555 /* CustomTab.swift in Sources */ = {isa = PBXBuildFile; fileRef = 7780095B2CA5099300C86555 /* CustomTab.swift */; };
		7780095E2CA53BBA00C86555 /* PostModel.swift in Sources */ = {isa = PBXBuildFile; fileRef = 7780095D2CA53BBA00C86555 /* PostModel.swift */; };
		778009602CA53E9700C86555 /* PostViewModel.swift in Sources */ = {isa = PBXBuildFile; fileRef = 7780095F2CA53E9700C86555 /* PostViewModel.swift */; };
		778009622CA53F4A00C86555 /* PostView.swift in Sources */ = {isa = PBXBuildFile; fileRef = 778009612CA53F4A00C86555 /* PostView.swift */; };
		778009652CA6B2A500C86555 /* extention.swift in Sources */ = {isa = PBXBuildFile; fileRef = 778009642CA6B2A500C86555 /* extention.swift */; };
		778009672CA6B31100C86555 /* HTMLTextView.swift in Sources */ = {isa = PBXBuildFile; fileRef = 778009662CA6B31100C86555 /* HTMLTextView.swift */; };
		778009692CA6ED3900C86555 /* TabHomeView.swift in Sources */ = {isa = PBXBuildFile; fileRef = 778009682CA6ED3900C86555 /* TabHomeView.swift */; };
		7780096B2CA6F81800C86555 /* PostDisplay.swift in Sources */ = {isa = PBXBuildFile; fileRef = 7780096A2CA6F81800C86555 /* PostDisplay.swift */; };
		7780096D2CA6FCC100C86555 /* PostDetailView.swift in Sources */ = {isa = PBXBuildFile; fileRef = 7780096C2CA6FCC100C86555 /* PostDetailView.swift */; };
		77F0FF852CC010290075AC12 /* SearchView.swift in Sources */ = {isa = PBXBuildFile; fileRef = 77F0FF842CC010280075AC12 /* SearchView.swift */; };
/* End PBXBuildFile section */

/* Begin PBXContainerItemProxy section */
		778009212CA1B02800C86555 /* PBXContainerItemProxy */ = {
			isa = PBXContainerItemProxy;
			containerPortal = 778009082CA1B02300C86555 /* Project object */;
			proxyType = 1;
			remoteGlobalIDString = 7780090F2CA1B02300C86555;
			remoteInfo = AppComic;
		};
		7780092B2CA1B02800C86555 /* PBXContainerItemProxy */ = {
			isa = PBXContainerItemProxy;
			containerPortal = 778009082CA1B02300C86555 /* Project object */;
			proxyType = 1;
			remoteGlobalIDString = 7780090F2CA1B02300C86555;
			remoteInfo = AppComic;
		};
/* End PBXContainerItemProxy section */

/* Begin PBXFileReference section */
		7731B4E12CB00A9800F3652B /* TabCategory.swift */ = {isa = PBXFileReference; lastKnownFileType = sourcecode.swift; path = TabCategory.swift; sourceTree = "<group>"; };
		7731B4E32CB0263600F3652B /* AccountView.swift */ = {isa = PBXFileReference; lastKnownFileType = sourcecode.swift; path = AccountView.swift; sourceTree = "<group>"; };
		7731B4E52CB0353B00F3652B /* CellAccountView.swift */ = {isa = PBXFileReference; lastKnownFileType = sourcecode.swift; path = CellAccountView.swift; sourceTree = "<group>"; };
		7731B4E82CB0466200F3652B /* CreatePost.swift */ = {isa = PBXFileReference; lastKnownFileType = sourcecode.swift; path = CreatePost.swift; sourceTree = "<group>"; };
		7732E2B32CAD592A00E8F6B6 /* PostCellHZ.swift */ = {isa = PBXFileReference; lastKnownFileType = sourcecode.swift; path = PostCellHZ.swift; sourceTree = "<group>"; };
		7732E2B52CAF999900E8F6B6 /* UserViewModel.swift */ = {isa = PBXFileReference; lastKnownFileType = sourcecode.swift; path = UserViewModel.swift; sourceTree = "<group>"; };
		7732E2B72CAFF34B00E8F6B6 /* getAllUser.swift */ = {isa = PBXFileReference; lastKnownFileType = sourcecode.swift; path = getAllUser.swift; sourceTree = "<group>"; };
		775D13422CB0C1360097EF54 /* ManagePostView.swift */ = {isa = PBXFileReference; lastKnownFileType = sourcecode.swift; path = ManagePostView.swift; sourceTree = "<group>"; };
		775D13442CB0C88E0097EF54 /* PostCellForManageView.swift */ = {isa = PBXFileReference; lastKnownFileType = sourcecode.swift; path = PostCellForManageView.swift; sourceTree = "<group>"; };
		775D13462CB0D44A0097EF54 /* TestViewDelete.swift */ = {isa = PBXFileReference; lastKnownFileType = sourcecode.swift; path = TestViewDelete.swift; sourceTree = "<group>"; };
		775D13482CB1731E0097EF54 /* Globs.swift */ = {isa = PBXFileReference; lastKnownFileType = sourcecode.swift; path = Globs.swift; sourceTree = "<group>"; };
		7760AC752CB7F5E600413C74 /* GoogleService-Info.plist */ = {isa = PBXFileReference; fileEncoding = 4; lastKnownFileType = text.plist.xml; path = "GoogleService-Info.plist"; sourceTree = "<group>"; };
		7760AC7E2CB813C000413C74 /* ImagePickerViewModel.swift */ = {isa = PBXFileReference; lastKnownFileType = sourcecode.swift; path = ImagePickerViewModel.swift; sourceTree = "<group>"; };
		7760AC802CB816C800413C74 /* ImagePickerView.swift */ = {isa = PBXFileReference; lastKnownFileType = sourcecode.swift; path = ImagePickerView.swift; sourceTree = "<group>"; };
		7760AC822CB8215600413C74 /* RichTextEditorView.swift */ = {isa = PBXFileReference; lastKnownFileType = sourcecode.swift; path = RichTextEditorView.swift; sourceTree = "<group>"; };
		7779A9732CA78FFE001E8A16 /* HeadlineDisplay.swift */ = {isa = PBXFileReference; lastKnownFileType = sourcecode.swift; path = HeadlineDisplay.swift; sourceTree = "<group>"; };
		7779A9752CA7EF1C001E8A16 /* CommentModel.swift */ = {isa = PBXFileReference; lastKnownFileType = sourcecode.swift; path = CommentModel.swift; sourceTree = "<group>"; };
		7779A9772CA8506B001E8A16 /* CommentViewModel.swift */ = {isa = PBXFileReference; lastKnownFileType = sourcecode.swift; path = CommentViewModel.swift; sourceTree = "<group>"; };
		7779A9792CA85D98001E8A16 /* UserCommentCell.swift */ = {isa = PBXFileReference; lastKnownFileType = sourcecode.swift; path = UserCommentCell.swift; sourceTree = "<group>"; };
		7779A97B2CA8F753001E8A16 /* CommentView.swift */ = {isa = PBXFileReference; lastKnownFileType = sourcecode.swift; path = CommentView.swift; sourceTree = "<group>"; };
		7779A97D2CAA43E4001E8A16 /* testView.swift */ = {isa = PBXFileReference; lastKnownFileType = sourcecode.swift; path = testView.swift; sourceTree = "<group>"; };
		7779A97F2CAAE431001E8A16 /* PostModelSD.swift */ = {isa = PBXFileReference; lastKnownFileType = sourcecode.swift; path = PostModelSD.swift; sourceTree = "<group>"; };
		778009102CA1B02300C86555 /* AppComic.app */ = {isa = PBXFileReference; explicitFileType = wrapper.application; includeInIndex = 0; path = AppComic.app; sourceTree = BUILT_PRODUCTS_DIR; };
		778009132CA1B02300C86555 /* AppComicApp.swift */ = {isa = PBXFileReference; lastKnownFileType = sourcecode.swift; path = AppComicApp.swift; sourceTree = "<group>"; };
		778009172CA1B02800C86555 /* Assets.xcassets */ = {isa = PBXFileReference; lastKnownFileType = folder.assetcatalog; path = Assets.xcassets; sourceTree = "<group>"; };
		7780091A2CA1B02800C86555 /* Preview Assets.xcassets */ = {isa = PBXFileReference; lastKnownFileType = folder.assetcatalog; path = "Preview Assets.xcassets"; sourceTree = "<group>"; };
		778009202CA1B02800C86555 /* AppComicTests.xctest */ = {isa = PBXFileReference; explicitFileType = wrapper.cfbundle; includeInIndex = 0; path = AppComicTests.xctest; sourceTree = BUILT_PRODUCTS_DIR; };
		778009242CA1B02800C86555 /* AppComicTests.swift */ = {isa = PBXFileReference; lastKnownFileType = sourcecode.swift; path = AppComicTests.swift; sourceTree = "<group>"; };
		7780092A2CA1B02800C86555 /* AppComicUITests.xctest */ = {isa = PBXFileReference; explicitFileType = wrapper.cfbundle; includeInIndex = 0; path = AppComicUITests.xctest; sourceTree = BUILT_PRODUCTS_DIR; };
		7780092E2CA1B02800C86555 /* AppComicUITests.swift */ = {isa = PBXFileReference; lastKnownFileType = sourcecode.swift; path = AppComicUITests.swift; sourceTree = "<group>"; };
		778009302CA1B02800C86555 /* AppComicUITestsLaunchTests.swift */ = {isa = PBXFileReference; lastKnownFileType = sourcecode.swift; path = AppComicUITestsLaunchTests.swift; sourceTree = "<group>"; };
		7780093E2CA1C53800C86555 /* LoginView.swift */ = {isa = PBXFileReference; lastKnownFileType = sourcecode.swift; path = LoginView.swift; sourceTree = "<group>"; };
		778009412CA2702E00C86555 /* CustomTextField.swift */ = {isa = PBXFileReference; lastKnownFileType = sourcecode.swift; path = CustomTextField.swift; sourceTree = "<group>"; };
		778009432CA2F75C00C86555 /* ButtonCustom.swift */ = {isa = PBXFileReference; lastKnownFileType = sourcecode.swift; path = ButtonCustom.swift; sourceTree = "<group>"; };
		778009472CA3162800C86555 /* UserModel.swift */ = {isa = PBXFileReference; lastKnownFileType = sourcecode.swift; path = UserModel.swift; sourceTree = "<group>"; };
		778009492CA319BE00C86555 /* LoginViewModel.swift */ = {isa = PBXFileReference; lastKnownFileType = sourcecode.swift; path = LoginViewModel.swift; sourceTree = "<group>"; };
		7780094F2CA3A94100C86555 /* ServiceCall.swift */ = {isa = PBXFileReference; lastKnownFileType = sourcecode.swift; path = ServiceCall.swift; sourceTree = "<group>"; };
		778009512CA3DC5A00C86555 /* SignUpView.swift */ = {isa = PBXFileReference; lastKnownFileType = sourcecode.swift; path = SignUpView.swift; sourceTree = "<group>"; };
		778009532CA3DE5E00C86555 /* SignUpViewModel.swift */ = {isa = PBXFileReference; lastKnownFileType = sourcecode.swift; path = SignUpViewModel.swift; sourceTree = "<group>"; };
		778009552CA3EFBC00C86555 /* PasswordStrengthUtility.swift */ = {isa = PBXFileReference; lastKnownFileType = sourcecode.swift; path = PasswordStrengthUtility.swift; sourceTree = "<group>"; };
		778009572CA452F500C86555 /* MainView.swift */ = {isa = PBXFileReference; lastKnownFileType = sourcecode.swift; path = MainView.swift; sourceTree = "<group>"; };
		778009592CA4D42E00C86555 /* TabData.swift */ = {isa = PBXFileReference; lastKnownFileType = sourcecode.swift; path = TabData.swift; sourceTree = "<group>"; };
		7780095B2CA5099300C86555 /* CustomTab.swift */ = {isa = PBXFileReference; lastKnownFileType = sourcecode.swift; path = CustomTab.swift; sourceTree = "<group>"; };
		7780095D2CA53BBA00C86555 /* PostModel.swift */ = {isa = PBXFileReference; lastKnownFileType = sourcecode.swift; path = PostModel.swift; sourceTree = "<group>"; };
		7780095F2CA53E9700C86555 /* PostViewModel.swift */ = {isa = PBXFileReference; lastKnownFileType = sourcecode.swift; path = PostViewModel.swift; sourceTree = "<group>"; };
		778009612CA53F4A00C86555 /* PostView.swift */ = {isa = PBXFileReference; lastKnownFileType = sourcecode.swift; path = PostView.swift; sourceTree = "<group>"; };
		778009642CA6B2A500C86555 /* extention.swift */ = {isa = PBXFileReference; lastKnownFileType = sourcecode.swift; path = extention.swift; sourceTree = "<group>"; };
		778009662CA6B31100C86555 /* HTMLTextView.swift */ = {isa = PBXFileReference; lastKnownFileType = sourcecode.swift; path = HTMLTextView.swift; sourceTree = "<group>"; };
		778009682CA6ED3900C86555 /* TabHomeView.swift */ = {isa = PBXFileReference; lastKnownFileType = sourcecode.swift; path = TabHomeView.swift; sourceTree = "<group>"; };
		7780096A2CA6F81800C86555 /* PostDisplay.swift */ = {isa = PBXFileReference; lastKnownFileType = sourcecode.swift; path = PostDisplay.swift; sourceTree = "<group>"; };
		7780096C2CA6FCC100C86555 /* PostDetailView.swift */ = {isa = PBXFileReference; lastKnownFileType = sourcecode.swift; path = PostDetailView.swift; sourceTree = "<group>"; };
		77F0FF842CC010280075AC12 /* SearchView.swift */ = {isa = PBXFileReference; lastKnownFileType = sourcecode.swift; path = SearchView.swift; sourceTree = "<group>"; };
/* End PBXFileReference section */

/* Begin PBXFrameworksBuildPhase section */
		7780090D2CA1B02300C86555 /* Frameworks */ = {
			isa = PBXFrameworksBuildPhase;
			buildActionMask = 2147483647;
			files = (
				777C54712CB40B7100B2F071 /* SDWebImageSwiftUI in Frameworks */,
				777C546C2CB2F18D00B2F071 /* Atributika in Frameworks */,
				777C546E2CB2F18D00B2F071 /* AtributikaViews in Frameworks */,
				7760AC7B2CB7F68200413C74 /* FirebaseFirestore in Frameworks */,
				7760AC792CB7F68200413C74 /* FirebaseAuth in Frameworks */,
				7760AC7D2CB7F68200413C74 /* FirebaseStorage in Frameworks */,
			);
			runOnlyForDeploymentPostprocessing = 0;
		};
		7780091D2CA1B02800C86555 /* Frameworks */ = {
			isa = PBXFrameworksBuildPhase;
			buildActionMask = 2147483647;
			files = (
			);
			runOnlyForDeploymentPostprocessing = 0;
		};
		778009272CA1B02800C86555 /* Frameworks */ = {
			isa = PBXFrameworksBuildPhase;
			buildActionMask = 2147483647;
			files = (
			);
			runOnlyForDeploymentPostprocessing = 0;
		};
/* End PBXFrameworksBuildPhase section */

/* Begin PBXGroup section */
		7731B4E72CB042FD00F3652B /* Account */ = {
			isa = PBXGroup;
			children = (
				77F0FF832CBEDC180075AC12 /* ManagePost */,
				7731B4E32CB0263600F3652B /* AccountView.swift */,
				7731B4E82CB0466200F3652B /* CreatePost.swift */,
				775D13462CB0D44A0097EF54 /* TestViewDelete.swift */,
				7760AC802CB816C800413C74 /* ImagePickerView.swift */,
			);
			path = Account;
			sourceTree = "<group>";
		};
		778009072CA1B02300C86555 = {
			isa = PBXGroup;
			children = (
				778009122CA1B02300C86555 /* AppComic */,
				778009232CA1B02800C86555 /* AppComicTests */,
				7780092D2CA1B02800C86555 /* AppComicUITests */,
				778009112CA1B02300C86555 /* Products */,
			);
			sourceTree = "<group>";
		};
		778009112CA1B02300C86555 /* Products */ = {
			isa = PBXGroup;
			children = (
				778009102CA1B02300C86555 /* AppComic.app */,
				778009202CA1B02800C86555 /* AppComicTests.xctest */,
				7780092A2CA1B02800C86555 /* AppComicUITests.xctest */,
			);
			name = Products;
			sourceTree = "<group>";
		};
		778009122CA1B02300C86555 /* AppComic */ = {
			isa = PBXGroup;
			children = (
				778009632CA6B26E00C86555 /* Common */,
				778009462CA3161B00C86555 /* ViewModel */,
				778009452CA3161600C86555 /* Model */,
				778009402CA2701300C86555 /* UICommon */,
				7780093D2CA1C4F900C86555 /* View */,
				778009132CA1B02300C86555 /* AppComicApp.swift */,
				7760AC752CB7F5E600413C74 /* GoogleService-Info.plist */,
				778009172CA1B02800C86555 /* Assets.xcassets */,
				778009192CA1B02800C86555 /* Preview Content */,
			);
			path = AppComic;
			sourceTree = "<group>";
		};
		778009192CA1B02800C86555 /* Preview Content */ = {
			isa = PBXGroup;
			children = (
				7780091A2CA1B02800C86555 /* Preview Assets.xcassets */,
			);
			path = "Preview Content";
			sourceTree = "<group>";
		};
		778009232CA1B02800C86555 /* AppComicTests */ = {
			isa = PBXGroup;
			children = (
				778009242CA1B02800C86555 /* AppComicTests.swift */,
			);
			path = AppComicTests;
			sourceTree = "<group>";
		};
		7780092D2CA1B02800C86555 /* AppComicUITests */ = {
			isa = PBXGroup;
			children = (
				7780092E2CA1B02800C86555 /* AppComicUITests.swift */,
				778009302CA1B02800C86555 /* AppComicUITestsLaunchTests.swift */,
			);
			path = AppComicUITests;
			sourceTree = "<group>";
		};
		7780093D2CA1C4F900C86555 /* View */ = {
			isa = PBXGroup;
			children = (
				7731B4E72CB042FD00F3652B /* Account */,
				7780093E2CA1C53800C86555 /* LoginView.swift */,
				778009512CA3DC5A00C86555 /* SignUpView.swift */,
				778009572CA452F500C86555 /* MainView.swift */,
				778009612CA53F4A00C86555 /* PostView.swift */,
				778009682CA6ED3900C86555 /* TabHomeView.swift */,
				7780096C2CA6FCC100C86555 /* PostDetailView.swift */,
				7779A9732CA78FFE001E8A16 /* HeadlineDisplay.swift */,
				7779A97B2CA8F753001E8A16 /* CommentView.swift */,
				7779A97D2CAA43E4001E8A16 /* testView.swift */,
				7732E2B72CAFF34B00E8F6B6 /* getAllUser.swift */,
			);
			path = View;
			sourceTree = "<group>";
		};
		778009402CA2701300C86555 /* UICommon */ = {
			isa = PBXGroup;
			children = (
				778009412CA2702E00C86555 /* CustomTextField.swift */,
				778009432CA2F75C00C86555 /* ButtonCustom.swift */,
				7780094F2CA3A94100C86555 /* ServiceCall.swift */,
				778009552CA3EFBC00C86555 /* PasswordStrengthUtility.swift */,
				7780095B2CA5099300C86555 /* CustomTab.swift */,
				7780096A2CA6F81800C86555 /* PostDisplay.swift */,
				7779A9792CA85D98001E8A16 /* UserCommentCell.swift */,
				7732E2B32CAD592A00E8F6B6 /* PostCellHZ.swift */,
				7731B4E52CB0353B00F3652B /* CellAccountView.swift */,
				775D13482CB1731E0097EF54 /* Globs.swift */,
			);
			path = UICommon;
			sourceTree = "<group>";
		};
		778009452CA3161600C86555 /* Model */ = {
			isa = PBXGroup;
			children = (
				778009472CA3162800C86555 /* UserModel.swift */,
				778009592CA4D42E00C86555 /* TabData.swift */,
				7780095D2CA53BBA00C86555 /* PostModel.swift */,
				7779A9752CA7EF1C001E8A16 /* CommentModel.swift */,
				7779A97F2CAAE431001E8A16 /* PostModelSD.swift */,
				7731B4E12CB00A9800F3652B /* TabCategory.swift */,
			);
			path = Model;
			sourceTree = "<group>";
		};
		778009462CA3161B00C86555 /* ViewModel */ = {
			isa = PBXGroup;
			children = (
				778009492CA319BE00C86555 /* LoginViewModel.swift */,
				778009532CA3DE5E00C86555 /* SignUpViewModel.swift */,
				7780095F2CA53E9700C86555 /* PostViewModel.swift */,
				7779A9772CA8506B001E8A16 /* CommentViewModel.swift */,
				7732E2B52CAF999900E8F6B6 /* UserViewModel.swift */,
				7760AC7E2CB813C000413C74 /* ImagePickerViewModel.swift */,
				7760AC822CB8215600413C74 /* RichTextEditorView.swift */,
			);
			path = ViewModel;
			sourceTree = "<group>";
		};
		778009632CA6B26E00C86555 /* Common */ = {
			isa = PBXGroup;
			children = (
				778009642CA6B2A500C86555 /* extention.swift */,
				778009662CA6B31100C86555 /* HTMLTextView.swift */,
			);
			path = Common;
			sourceTree = "<group>";
		};
		77F0FF832CBEDC180075AC12 /* ManagePost */ = {
			isa = PBXGroup;
			children = (
				775D13422CB0C1360097EF54 /* ManagePostView.swift */,
				775D13442CB0C88E0097EF54 /* PostCellForManageView.swift */,
				77F0FF842CC010280075AC12 /* SearchView.swift */,
			);
			path = ManagePost;
			sourceTree = "<group>";
		};
/* End PBXGroup section */

/* Begin PBXNativeTarget section */
		7780090F2CA1B02300C86555 /* AppComic */ = {
			isa = PBXNativeTarget;
			buildConfigurationList = 778009342CA1B02800C86555 /* Build configuration list for PBXNativeTarget "AppComic" */;
			buildPhases = (
				7780090C2CA1B02300C86555 /* Sources */,
				7780090D2CA1B02300C86555 /* Frameworks */,
				7780090E2CA1B02300C86555 /* Resources */,
			);
			buildRules = (
			);
			dependencies = (
			);
			name = AppComic;
			packageProductDependencies = (
				777C546B2CB2F18D00B2F071 /* Atributika */,
				777C546D2CB2F18D00B2F071 /* AtributikaViews */,
				777C54702CB40B7100B2F071 /* SDWebImageSwiftUI */,
				7760AC782CB7F68200413C74 /* FirebaseAuth */,
				7760AC7A2CB7F68200413C74 /* FirebaseFirestore */,
				7760AC7C2CB7F68200413C74 /* FirebaseStorage */,
			);
			productName = AppComic;
			productReference = 778009102CA1B02300C86555 /* AppComic.app */;
			productType = "com.apple.product-type.application";
		};
		7780091F2CA1B02800C86555 /* AppComicTests */ = {
			isa = PBXNativeTarget;
			buildConfigurationList = 778009372CA1B02800C86555 /* Build configuration list for PBXNativeTarget "AppComicTests" */;
			buildPhases = (
				7780091C2CA1B02800C86555 /* Sources */,
				7780091D2CA1B02800C86555 /* Frameworks */,
				7780091E2CA1B02800C86555 /* Resources */,
			);
			buildRules = (
			);
			dependencies = (
				778009222CA1B02800C86555 /* PBXTargetDependency */,
			);
			name = AppComicTests;
			productName = AppComicTests;
			productReference = 778009202CA1B02800C86555 /* AppComicTests.xctest */;
			productType = "com.apple.product-type.bundle.unit-test";
		};
		778009292CA1B02800C86555 /* AppComicUITests */ = {
			isa = PBXNativeTarget;
			buildConfigurationList = 7780093A2CA1B02800C86555 /* Build configuration list for PBXNativeTarget "AppComicUITests" */;
			buildPhases = (
				778009262CA1B02800C86555 /* Sources */,
				778009272CA1B02800C86555 /* Frameworks */,
				778009282CA1B02800C86555 /* Resources */,
			);
			buildRules = (
			);
			dependencies = (
				7780092C2CA1B02800C86555 /* PBXTargetDependency */,
			);
			name = AppComicUITests;
			productName = AppComicUITests;
			productReference = 7780092A2CA1B02800C86555 /* AppComicUITests.xctest */;
			productType = "com.apple.product-type.bundle.ui-testing";
		};
/* End PBXNativeTarget section */

/* Begin PBXProject section */
		778009082CA1B02300C86555 /* Project object */ = {
			isa = PBXProject;
			attributes = {
				BuildIndependentTargetsInParallel = 1;
				LastSwiftUpdateCheck = 1540;
				LastUpgradeCheck = 1540;
				TargetAttributes = {
					7780090F2CA1B02300C86555 = {
						CreatedOnToolsVersion = 15.4;
					};
					7780091F2CA1B02800C86555 = {
						CreatedOnToolsVersion = 15.4;
						TestTargetID = 7780090F2CA1B02300C86555;
					};
					778009292CA1B02800C86555 = {
						CreatedOnToolsVersion = 15.4;
						TestTargetID = 7780090F2CA1B02300C86555;
					};
				};
			};
			buildConfigurationList = 7780090B2CA1B02300C86555 /* Build configuration list for PBXProject "AppComic" */;
			compatibilityVersion = "Xcode 14.0";
			developmentRegion = en;
			hasScannedForEncodings = 0;
			knownRegions = (
				en,
				Base,
			);
			mainGroup = 778009072CA1B02300C86555;
			packageReferences = (
				777C546A2CB2F18D00B2F071 /* XCRemoteSwiftPackageReference "Atributika" */,
				777C546F2CB40B7100B2F071 /* XCRemoteSwiftPackageReference "SDWebImageSwiftUI" */,
				7760AC772CB7F68200413C74 /* XCRemoteSwiftPackageReference "firebase-ios-sdk" */,
			);
			productRefGroup = 778009112CA1B02300C86555 /* Products */;
			projectDirPath = "";
			projectRoot = "";
			targets = (
				7780090F2CA1B02300C86555 /* AppComic */,
				7780091F2CA1B02800C86555 /* AppComicTests */,
				778009292CA1B02800C86555 /* AppComicUITests */,
			);
		};
/* End PBXProject section */

/* Begin PBXResourcesBuildPhase section */
		7780090E2CA1B02300C86555 /* Resources */ = {
			isa = PBXResourcesBuildPhase;
			buildActionMask = 2147483647;
			files = (
				7780091B2CA1B02800C86555 /* Preview Assets.xcassets in Resources */,
				778009182CA1B02800C86555 /* Assets.xcassets in Resources */,
				7760AC762CB7F5E600413C74 /* GoogleService-Info.plist in Resources */,
			);
			runOnlyForDeploymentPostprocessing = 0;
		};
		7780091E2CA1B02800C86555 /* Resources */ = {
			isa = PBXResourcesBuildPhase;
			buildActionMask = 2147483647;
			files = (
			);
			runOnlyForDeploymentPostprocessing = 0;
		};
		778009282CA1B02800C86555 /* Resources */ = {
			isa = PBXResourcesBuildPhase;
			buildActionMask = 2147483647;
			files = (
			);
			runOnlyForDeploymentPostprocessing = 0;
		};
/* End PBXResourcesBuildPhase section */

/* Begin PBXSourcesBuildPhase section */
		7780090C2CA1B02300C86555 /* Sources */ = {
			isa = PBXSourcesBuildPhase;
			buildActionMask = 2147483647;
			files = (
				7779A9782CA8506B001E8A16 /* CommentViewModel.swift in Sources */,
				7731B4E22CB00A9800F3652B /* TabCategory.swift in Sources */,
				778009602CA53E9700C86555 /* PostViewModel.swift in Sources */,
				775D13452CB0C88E0097EF54 /* PostCellForManageView.swift in Sources */,
				7732E2B42CAD592A00E8F6B6 /* PostCellHZ.swift in Sources */,
				778009422CA2702E00C86555 /* CustomTextField.swift in Sources */,
				7760AC832CB8215600413C74 /* RichTextEditorView.swift in Sources */,
				7780093F2CA1C53800C86555 /* LoginView.swift in Sources */,
				7780095C2CA5099300C86555 /* CustomTab.swift in Sources */,
				7779A97E2CAA43E4001E8A16 /* testView.swift in Sources */,
				7780095E2CA53BBA00C86555 /* PostModel.swift in Sources */,
				7780095A2CA4D42E00C86555 /* TabData.swift in Sources */,
				775D13472CB0D44A0097EF54 /* TestViewDelete.swift in Sources */,
				778009502CA3A94100C86555 /* ServiceCall.swift in Sources */,
				77F0FF852CC010290075AC12 /* SearchView.swift in Sources */,
				778009442CA2F75C00C86555 /* ButtonCustom.swift in Sources */,
				7779A9802CAAE431001E8A16 /* PostModelSD.swift in Sources */,
				7780096B2CA6F81800C86555 /* PostDisplay.swift in Sources */,
				7760AC812CB816C800413C74 /* ImagePickerView.swift in Sources */,
				7732E2B62CAF999900E8F6B6 /* UserViewModel.swift in Sources */,
				7731B4E42CB0263600F3652B /* AccountView.swift in Sources */,
				778009482CA3162800C86555 /* UserModel.swift in Sources */,
				7779A9762CA7EF1C001E8A16 /* CommentModel.swift in Sources */,
				778009652CA6B2A500C86555 /* extention.swift in Sources */,
				7732E2B82CAFF34B00E8F6B6 /* getAllUser.swift in Sources */,
				778009562CA3EFBC00C86555 /* PasswordStrengthUtility.swift in Sources */,
				7779A97C2CA8F753001E8A16 /* CommentView.swift in Sources */,
				778009522CA3DC5A00C86555 /* SignUpView.swift in Sources */,
				778009672CA6B31100C86555 /* HTMLTextView.swift in Sources */,
				7760AC7F2CB813C000413C74 /* ImagePickerViewModel.swift in Sources */,
				775D13492CB1731E0097EF54 /* Globs.swift in Sources */,
				7779A97A2CA85D98001E8A16 /* UserCommentCell.swift in Sources */,
				775D13432CB0C1360097EF54 /* ManagePostView.swift in Sources */,
				778009142CA1B02300C86555 /* AppComicApp.swift in Sources */,
				778009582CA452F500C86555 /* MainView.swift in Sources */,
				778009622CA53F4A00C86555 /* PostView.swift in Sources */,
				7731B4E92CB0466200F3652B /* CreatePost.swift in Sources */,
				7780094A2CA319BE00C86555 /* LoginViewModel.swift in Sources */,
				7779A9742CA78FFE001E8A16 /* HeadlineDisplay.swift in Sources */,
				7731B4E62CB0353B00F3652B /* CellAccountView.swift in Sources */,
				7780096D2CA6FCC100C86555 /* PostDetailView.swift in Sources */,
				778009542CA3DE5E00C86555 /* SignUpViewModel.swift in Sources */,
				778009692CA6ED3900C86555 /* TabHomeView.swift in Sources */,
			);
			runOnlyForDeploymentPostprocessing = 0;
		};
		7780091C2CA1B02800C86555 /* Sources */ = {
			isa = PBXSourcesBuildPhase;
			buildActionMask = 2147483647;
			files = (
				778009252CA1B02800C86555 /* AppComicTests.swift in Sources */,
			);
			runOnlyForDeploymentPostprocessing = 0;
		};
		778009262CA1B02800C86555 /* Sources */ = {
			isa = PBXSourcesBuildPhase;
			buildActionMask = 2147483647;
			files = (
				778009312CA1B02800C86555 /* AppComicUITestsLaunchTests.swift in Sources */,
				7780092F2CA1B02800C86555 /* AppComicUITests.swift in Sources */,
			);
			runOnlyForDeploymentPostprocessing = 0;
		};
/* End PBXSourcesBuildPhase section */

/* Begin PBXTargetDependency section */
		778009222CA1B02800C86555 /* PBXTargetDependency */ = {
			isa = PBXTargetDependency;
			target = 7780090F2CA1B02300C86555 /* AppComic */;
			targetProxy = 778009212CA1B02800C86555 /* PBXContainerItemProxy */;
		};
		7780092C2CA1B02800C86555 /* PBXTargetDependency */ = {
			isa = PBXTargetDependency;
			target = 7780090F2CA1B02300C86555 /* AppComic */;
			targetProxy = 7780092B2CA1B02800C86555 /* PBXContainerItemProxy */;
		};
/* End PBXTargetDependency section */

/* Begin XCBuildConfiguration section */
		778009322CA1B02800C86555 /* Debug */ = {
			isa = XCBuildConfiguration;
			buildSettings = {
				ALWAYS_SEARCH_USER_PATHS = NO;
				ASSETCATALOG_COMPILER_GENERATE_SWIFT_ASSET_SYMBOL_EXTENSIONS = YES;
				CLANG_ANALYZER_NONNULL = YES;
				CLANG_ANALYZER_NUMBER_OBJECT_CONVERSION = YES_AGGRESSIVE;
				CLANG_CXX_LANGUAGE_STANDARD = "gnu++20";
				CLANG_ENABLE_MODULES = YES;
				CLANG_ENABLE_OBJC_ARC = YES;
				CLANG_ENABLE_OBJC_WEAK = YES;
				CLANG_WARN_BLOCK_CAPTURE_AUTORELEASING = YES;
				CLANG_WARN_BOOL_CONVERSION = YES;
				CLANG_WARN_COMMA = YES;
				CLANG_WARN_CONSTANT_CONVERSION = YES;
				CLANG_WARN_DEPRECATED_OBJC_IMPLEMENTATIONS = YES;
				CLANG_WARN_DIRECT_OBJC_ISA_USAGE = YES_ERROR;
				CLANG_WARN_DOCUMENTATION_COMMENTS = YES;
				CLANG_WARN_EMPTY_BODY = YES;
				CLANG_WARN_ENUM_CONVERSION = YES;
				CLANG_WARN_INFINITE_RECURSION = YES;
				CLANG_WARN_INT_CONVERSION = YES;
				CLANG_WARN_NON_LITERAL_NULL_CONVERSION = YES;
				CLANG_WARN_OBJC_IMPLICIT_RETAIN_SELF = YES;
				CLANG_WARN_OBJC_LITERAL_CONVERSION = YES;
				CLANG_WARN_OBJC_ROOT_CLASS = YES_ERROR;
				CLANG_WARN_QUOTED_INCLUDE_IN_FRAMEWORK_HEADER = YES;
				CLANG_WARN_RANGE_LOOP_ANALYSIS = YES;
				CLANG_WARN_STRICT_PROTOTYPES = YES;
				CLANG_WARN_SUSPICIOUS_MOVE = YES;
				CLANG_WARN_UNGUARDED_AVAILABILITY = YES_AGGRESSIVE;
				CLANG_WARN_UNREACHABLE_CODE = YES;
				CLANG_WARN__DUPLICATE_METHOD_MATCH = YES;
				COPY_PHASE_STRIP = NO;
				DEBUG_INFORMATION_FORMAT = dwarf;
				ENABLE_STRICT_OBJC_MSGSEND = YES;
				ENABLE_TESTABILITY = YES;
				ENABLE_USER_SCRIPT_SANDBOXING = YES;
				GCC_C_LANGUAGE_STANDARD = gnu17;
				GCC_DYNAMIC_NO_PIC = NO;
				GCC_NO_COMMON_BLOCKS = YES;
				GCC_OPTIMIZATION_LEVEL = 0;
				GCC_PREPROCESSOR_DEFINITIONS = (
					"DEBUG=1",
					"$(inherited)",
				);
				GCC_WARN_64_TO_32_BIT_CONVERSION = YES;
				GCC_WARN_ABOUT_RETURN_TYPE = YES_ERROR;
				GCC_WARN_UNDECLARED_SELECTOR = YES;
				GCC_WARN_UNINITIALIZED_AUTOS = YES_AGGRESSIVE;
				GCC_WARN_UNUSED_FUNCTION = YES;
				GCC_WARN_UNUSED_VARIABLE = YES;
				IPHONEOS_DEPLOYMENT_TARGET = 17.5;
				LOCALIZATION_PREFERS_STRING_CATALOGS = YES;
				MTL_ENABLE_DEBUG_INFO = INCLUDE_SOURCE;
				MTL_FAST_MATH = YES;
				ONLY_ACTIVE_ARCH = YES;
				SDKROOT = iphoneos;
				SWIFT_ACTIVE_COMPILATION_CONDITIONS = "DEBUG $(inherited)";
				SWIFT_OPTIMIZATION_LEVEL = "-Onone";
			};
			name = Debug;
		};
		778009332CA1B02800C86555 /* Release */ = {
			isa = XCBuildConfiguration;
			buildSettings = {
				ALWAYS_SEARCH_USER_PATHS = NO;
				ASSETCATALOG_COMPILER_GENERATE_SWIFT_ASSET_SYMBOL_EXTENSIONS = YES;
				CLANG_ANALYZER_NONNULL = YES;
				CLANG_ANALYZER_NUMBER_OBJECT_CONVERSION = YES_AGGRESSIVE;
				CLANG_CXX_LANGUAGE_STANDARD = "gnu++20";
				CLANG_ENABLE_MODULES = YES;
				CLANG_ENABLE_OBJC_ARC = YES;
				CLANG_ENABLE_OBJC_WEAK = YES;
				CLANG_WARN_BLOCK_CAPTURE_AUTORELEASING = YES;
				CLANG_WARN_BOOL_CONVERSION = YES;
				CLANG_WARN_COMMA = YES;
				CLANG_WARN_CONSTANT_CONVERSION = YES;
				CLANG_WARN_DEPRECATED_OBJC_IMPLEMENTATIONS = YES;
				CLANG_WARN_DIRECT_OBJC_ISA_USAGE = YES_ERROR;
				CLANG_WARN_DOCUMENTATION_COMMENTS = YES;
				CLANG_WARN_EMPTY_BODY = YES;
				CLANG_WARN_ENUM_CONVERSION = YES;
				CLANG_WARN_INFINITE_RECURSION = YES;
				CLANG_WARN_INT_CONVERSION = YES;
				CLANG_WARN_NON_LITERAL_NULL_CONVERSION = YES;
				CLANG_WARN_OBJC_IMPLICIT_RETAIN_SELF = YES;
				CLANG_WARN_OBJC_LITERAL_CONVERSION = YES;
				CLANG_WARN_OBJC_ROOT_CLASS = YES_ERROR;
				CLANG_WARN_QUOTED_INCLUDE_IN_FRAMEWORK_HEADER = YES;
				CLANG_WARN_RANGE_LOOP_ANALYSIS = YES;
				CLANG_WARN_STRICT_PROTOTYPES = YES;
				CLANG_WARN_SUSPICIOUS_MOVE = YES;
				CLANG_WARN_UNGUARDED_AVAILABILITY = YES_AGGRESSIVE;
				CLANG_WARN_UNREACHABLE_CODE = YES;
				CLANG_WARN__DUPLICATE_METHOD_MATCH = YES;
				COPY_PHASE_STRIP = NO;
				DEBUG_INFORMATION_FORMAT = "dwarf-with-dsym";
				ENABLE_NS_ASSERTIONS = NO;
				ENABLE_STRICT_OBJC_MSGSEND = YES;
				ENABLE_USER_SCRIPT_SANDBOXING = YES;
				GCC_C_LANGUAGE_STANDARD = gnu17;
				GCC_NO_COMMON_BLOCKS = YES;
				GCC_WARN_64_TO_32_BIT_CONVERSION = YES;
				GCC_WARN_ABOUT_RETURN_TYPE = YES_ERROR;
				GCC_WARN_UNDECLARED_SELECTOR = YES;
				GCC_WARN_UNINITIALIZED_AUTOS = YES_AGGRESSIVE;
				GCC_WARN_UNUSED_FUNCTION = YES;
				GCC_WARN_UNUSED_VARIABLE = YES;
				IPHONEOS_DEPLOYMENT_TARGET = 17.5;
				LOCALIZATION_PREFERS_STRING_CATALOGS = YES;
				MTL_ENABLE_DEBUG_INFO = NO;
				MTL_FAST_MATH = YES;
				SDKROOT = iphoneos;
				SWIFT_COMPILATION_MODE = wholemodule;
				VALIDATE_PRODUCT = YES;
			};
			name = Release;
		};
		778009352CA1B02800C86555 /* Debug */ = {
			isa = XCBuildConfiguration;
			buildSettings = {
				ASSETCATALOG_COMPILER_APPICON_NAME = AppIcon;
				ASSETCATALOG_COMPILER_GLOBAL_ACCENT_COLOR_NAME = AccentColor;
				CODE_SIGN_STYLE = Automatic;
				CURRENT_PROJECT_VERSION = 1;
				DEVELOPMENT_ASSET_PATHS = "\"AppComic/Preview Content\"";
				ENABLE_PREVIEWS = YES;
				GENERATE_INFOPLIST_FILE = YES;
				INFOPLIST_KEY_UIApplicationSceneManifest_Generation = YES;
				INFOPLIST_KEY_UIApplicationSupportsIndirectInputEvents = YES;
				INFOPLIST_KEY_UILaunchScreen_Generation = YES;
				INFOPLIST_KEY_UISupportedInterfaceOrientations = "UIInterfaceOrientationLandscapeLeft UIInterfaceOrientationLandscapeRight UIInterfaceOrientationPortrait";
				INFOPLIST_KEY_UISupportedInterfaceOrientations_iPad = UIInterfaceOrientationPortraitUpsideDown;
				LD_RUNPATH_SEARCH_PATHS = (
					"$(inherited)",
					"@executable_path/Frameworks",
				);
				MARKETING_VERSION = 1.0;
				PRODUCT_BUNDLE_IDENTIFIER = tin.AppComic;
				PRODUCT_NAME = "$(TARGET_NAME)";
				SWIFT_EMIT_LOC_STRINGS = YES;
				SWIFT_VERSION = 5.0;
				TARGETED_DEVICE_FAMILY = "1,2";
			};
			name = Debug;
		};
		778009362CA1B02800C86555 /* Release */ = {
			isa = XCBuildConfiguration;
			buildSettings = {
				ASSETCATALOG_COMPILER_APPICON_NAME = AppIcon;
				ASSETCATALOG_COMPILER_GLOBAL_ACCENT_COLOR_NAME = AccentColor;
				CODE_SIGN_STYLE = Automatic;
				CURRENT_PROJECT_VERSION = 1;
				DEVELOPMENT_ASSET_PATHS = "\"AppComic/Preview Content\"";
				ENABLE_PREVIEWS = YES;
				GENERATE_INFOPLIST_FILE = YES;
				INFOPLIST_KEY_UIApplicationSceneManifest_Generation = YES;
				INFOPLIST_KEY_UIApplicationSupportsIndirectInputEvents = YES;
				INFOPLIST_KEY_UILaunchScreen_Generation = YES;
				INFOPLIST_KEY_UISupportedInterfaceOrientations = "UIInterfaceOrientationLandscapeLeft UIInterfaceOrientationLandscapeRight UIInterfaceOrientationPortrait";
				INFOPLIST_KEY_UISupportedInterfaceOrientations_iPad = UIInterfaceOrientationPortraitUpsideDown;
				LD_RUNPATH_SEARCH_PATHS = (
					"$(inherited)",
					"@executable_path/Frameworks",
				);
				MARKETING_VERSION = 1.0;
				PRODUCT_BUNDLE_IDENTIFIER = tin.AppComic;
				PRODUCT_NAME = "$(TARGET_NAME)";
				SWIFT_EMIT_LOC_STRINGS = YES;
				SWIFT_VERSION = 5.0;
				TARGETED_DEVICE_FAMILY = "1,2";
			};
			name = Release;
		};
		778009382CA1B02800C86555 /* Debug */ = {
			isa = XCBuildConfiguration;
			buildSettings = {
				ALWAYS_EMBED_SWIFT_STANDARD_LIBRARIES = YES;
				BUNDLE_LOADER = "$(TEST_HOST)";
				CODE_SIGN_STYLE = Automatic;
				CURRENT_PROJECT_VERSION = 1;
				GENERATE_INFOPLIST_FILE = YES;
				IPHONEOS_DEPLOYMENT_TARGET = 17.5;
				MARKETING_VERSION = 1.0;
				PRODUCT_BUNDLE_IDENTIFIER = tin.AppComicTests;
				PRODUCT_NAME = "$(TARGET_NAME)";
				SWIFT_EMIT_LOC_STRINGS = NO;
				SWIFT_VERSION = 5.0;
				TARGETED_DEVICE_FAMILY = "1,2";
				TEST_HOST = "$(BUILT_PRODUCTS_DIR)/AppComic.app/$(BUNDLE_EXECUTABLE_FOLDER_PATH)/AppComic";
			};
			name = Debug;
		};
		778009392CA1B02800C86555 /* Release */ = {
			isa = XCBuildConfiguration;
			buildSettings = {
				ALWAYS_EMBED_SWIFT_STANDARD_LIBRARIES = YES;
				BUNDLE_LOADER = "$(TEST_HOST)";
				CODE_SIGN_STYLE = Automatic;
				CURRENT_PROJECT_VERSION = 1;
				GENERATE_INFOPLIST_FILE = YES;
				IPHONEOS_DEPLOYMENT_TARGET = 17.5;
				MARKETING_VERSION = 1.0;
				PRODUCT_BUNDLE_IDENTIFIER = tin.AppComicTests;
				PRODUCT_NAME = "$(TARGET_NAME)";
				SWIFT_EMIT_LOC_STRINGS = NO;
				SWIFT_VERSION = 5.0;
				TARGETED_DEVICE_FAMILY = "1,2";
				TEST_HOST = "$(BUILT_PRODUCTS_DIR)/AppComic.app/$(BUNDLE_EXECUTABLE_FOLDER_PATH)/AppComic";
			};
			name = Release;
		};
		7780093B2CA1B02800C86555 /* Debug */ = {
			isa = XCBuildConfiguration;
			buildSettings = {
				ALWAYS_EMBED_SWIFT_STANDARD_LIBRARIES = YES;
				CODE_SIGN_STYLE = Automatic;
				CURRENT_PROJECT_VERSION = 1;
				GENERATE_INFOPLIST_FILE = YES;
				MARKETING_VERSION = 1.0;
				PRODUCT_BUNDLE_IDENTIFIER = tin.AppComicUITests;
				PRODUCT_NAME = "$(TARGET_NAME)";
				SWIFT_EMIT_LOC_STRINGS = NO;
				SWIFT_VERSION = 5.0;
				TARGETED_DEVICE_FAMILY = "1,2";
				TEST_TARGET_NAME = AppComic;
			};
			name = Debug;
		};
		7780093C2CA1B02800C86555 /* Release */ = {
			isa = XCBuildConfiguration;
			buildSettings = {
				ALWAYS_EMBED_SWIFT_STANDARD_LIBRARIES = YES;
				CODE_SIGN_STYLE = Automatic;
				CURRENT_PROJECT_VERSION = 1;
				GENERATE_INFOPLIST_FILE = YES;
				MARKETING_VERSION = 1.0;
				PRODUCT_BUNDLE_IDENTIFIER = tin.AppComicUITests;
				PRODUCT_NAME = "$(TARGET_NAME)";
				SWIFT_EMIT_LOC_STRINGS = NO;
				SWIFT_VERSION = 5.0;
				TARGETED_DEVICE_FAMILY = "1,2";
				TEST_TARGET_NAME = AppComic;
			};
			name = Release;
		};
/* End XCBuildConfiguration section */

/* Begin XCConfigurationList section */
		7780090B2CA1B02300C86555 /* Build configuration list for PBXProject "AppComic" */ = {
			isa = XCConfigurationList;
			buildConfigurations = (
				778009322CA1B02800C86555 /* Debug */,
				778009332CA1B02800C86555 /* Release */,
			);
			defaultConfigurationIsVisible = 0;
			defaultConfigurationName = Release;
		};
		778009342CA1B02800C86555 /* Build configuration list for PBXNativeTarget "AppComic" */ = {
			isa = XCConfigurationList;
			buildConfigurations = (
				778009352CA1B02800C86555 /* Debug */,
				778009362CA1B02800C86555 /* Release */,
			);
			defaultConfigurationIsVisible = 0;
			defaultConfigurationName = Release;
		};
		778009372CA1B02800C86555 /* Build configuration list for PBXNativeTarget "AppComicTests" */ = {
			isa = XCConfigurationList;
			buildConfigurations = (
				778009382CA1B02800C86555 /* Debug */,
				778009392CA1B02800C86555 /* Release */,
			);
			defaultConfigurationIsVisible = 0;
			defaultConfigurationName = Release;
		};
		7780093A2CA1B02800C86555 /* Build configuration list for PBXNativeTarget "AppComicUITests" */ = {
			isa = XCConfigurationList;
			buildConfigurations = (
				7780093B2CA1B02800C86555 /* Debug */,
				7780093C2CA1B02800C86555 /* Release */,
			);
			defaultConfigurationIsVisible = 0;
			defaultConfigurationName = Release;
		};
/* End XCConfigurationList section */

/* Begin XCRemoteSwiftPackageReference section */
		7760AC772CB7F68200413C74 /* XCRemoteSwiftPackageReference "firebase-ios-sdk" */ = {
			isa = XCRemoteSwiftPackageReference;
			repositoryURL = "https://github.com/firebase/firebase-ios-sdk";
			requirement = {
				kind = exactVersion;
				version = 11.3.0;
			};
		};
		777C546A2CB2F18D00B2F071 /* XCRemoteSwiftPackageReference "Atributika" */ = {
			isa = XCRemoteSwiftPackageReference;
			repositoryURL = "https://github.com/psharanda/Atributika.git";
			requirement = {
				kind = upToNextMajorVersion;
				minimumVersion = 5.0.5;
			};
		};
		777C546F2CB40B7100B2F071 /* XCRemoteSwiftPackageReference "SDWebImageSwiftUI" */ = {
			isa = XCRemoteSwiftPackageReference;
			repositoryURL = "https://github.com/SDWebImage/SDWebImageSwiftUI.git";
			requirement = {
				kind = upToNextMajorVersion;
				minimumVersion = 3.1.2;
			};
		};
/* End XCRemoteSwiftPackageReference section */

/* Begin XCSwiftPackageProductDependency section */
		7760AC782CB7F68200413C74 /* FirebaseAuth */ = {
			isa = XCSwiftPackageProductDependency;
			package = 7760AC772CB7F68200413C74 /* XCRemoteSwiftPackageReference "firebase-ios-sdk" */;
			productName = FirebaseAuth;
		};
		7760AC7A2CB7F68200413C74 /* FirebaseFirestore */ = {
			isa = XCSwiftPackageProductDependency;
			package = 7760AC772CB7F68200413C74 /* XCRemoteSwiftPackageReference "firebase-ios-sdk" */;
			productName = FirebaseFirestore;
		};
		7760AC7C2CB7F68200413C74 /* FirebaseStorage */ = {
			isa = XCSwiftPackageProductDependency;
			package = 7760AC772CB7F68200413C74 /* XCRemoteSwiftPackageReference "firebase-ios-sdk" */;
			productName = FirebaseStorage;
		};
		777C546B2CB2F18D00B2F071 /* Atributika */ = {
			isa = XCSwiftPackageProductDependency;
			package = 777C546A2CB2F18D00B2F071 /* XCRemoteSwiftPackageReference "Atributika" */;
			productName = Atributika;
		};
		777C546D2CB2F18D00B2F071 /* AtributikaViews */ = {
			isa = XCSwiftPackageProductDependency;
			package = 777C546A2CB2F18D00B2F071 /* XCRemoteSwiftPackageReference "Atributika" */;
			productName = AtributikaViews;
		};
		777C54702CB40B7100B2F071 /* SDWebImageSwiftUI */ = {
			isa = XCSwiftPackageProductDependency;
			package = 777C546F2CB40B7100B2F071 /* XCRemoteSwiftPackageReference "SDWebImageSwiftUI" */;
			productName = SDWebImageSwiftUI;
		};
/* End XCSwiftPackageProductDependency section */
	};
	rootObject = 778009082CA1B02300C86555 /* Project object */;
}
